# This file is autogenerated, do not edit; changes may be undone by the next 'dep ensure'.


[[projects]]
  branch = "master"
  name = "github.com/lib/pq"
  packages = [
    ".",
    "oid"
  ]
  revision = "88edab0803230a3898347e77b474f8c1820a1f20"

[solve-meta]
  analyzer-name = "dep"
  analyzer-version = 1
<<<<<<< 79d6318c389277687d4e7b40a3fb3532534f7aba
<<<<<<< HEAD
  inputs-digest = "7f0faf10af08c962a2bea6c204cfe1d4882fbbd168a564bd4b729b34060be925"
=======
  inputs-digest = "f1d7235aed1b34cd28db280a92260ebc16348898b9155bcf0b713839c8625d5b"
>>>>>>> 00f41174e6e7cd1c36a3d3ac10eea8aaea40a57c
=======
  inputs-digest = "f9a9f07200aebaeb4840e863e9419104ba612b49f2f5e5a91dffde8b66fcaa8c"
>>>>>>> yulianto
  solver-name = "gps-cdcl"
  solver-version = 1
